
Microsoft Visual Studio Solution File, Format Version 12.00
# Visual Studio Version 16
VisualStudioVersion = 16.0.29709.97
MinimumVisualStudioVersion = 10.0.40219.1
Project("{E53339B2-1760-4266-BCC7-CA923CBCF16C}") = "docker-compose", "docker-compose.dcproj", "{371BF1E9-6FAB-4CC6-84B0-A1B2B4B73FFF}"
EndProject
Project("{9A19103F-16F7-4668-BE54-9A1E7A4F7556}") = "NewsWebsite", "NewsWebsite\NewsWebsite.csproj", "{1E243404-DFB2-4FD3-985C-74E755079518}"
EndProject
Project("{9A19103F-16F7-4668-BE54-9A1E7A4F7556}") = "DataAccess", "DataAccess\DataAccess.csproj", "{F6E13CA2-F8B5-49CF-BC88-FD47AC554BE6}"
EndProject
Project("{FAE04EC0-301F-11D3-BF4B-00C04F79EFBC}") = "Services", "Services\Services.csproj", "{68180216-659F-40EA-8396-BC65FF4B0332}"
EndProject
Project("{FAE04EC0-301F-11D3-BF4B-00C04F79EFBC}") = "Repositories", "Repositories\Repositories.csproj", "{E08EFF76-D4E3-4C25-B1D8-DC6CCC826EB8}"
EndProject
Global
	GlobalSection(SolutionConfigurationPlatforms) = preSolution
		Debug|Any CPU = Debug|Any CPU
		Release|Any CPU = Release|Any CPU
	EndGlobalSection
	GlobalSection(ProjectConfigurationPlatforms) = postSolution
		{1E243404-DFB2-4FD3-985C-74E755079518}.Debug|Any CPU.ActiveCfg = Debug|Any CPU
		{1E243404-DFB2-4FD3-985C-74E755079518}.Debug|Any CPU.Build.0 = Debug|Any CPU
		{1E243404-DFB2-4FD3-985C-74E755079518}.Release|Any CPU.ActiveCfg = Release|Any CPU
		{1E243404-DFB2-4FD3-985C-74E755079518}.Release|Any CPU.Build.0 = Release|Any CPU
		{371BF1E9-6FAB-4CC6-84B0-A1B2B4B73FFF}.Debug|Any CPU.ActiveCfg = Debug|Any CPU
		{371BF1E9-6FAB-4CC6-84B0-A1B2B4B73FFF}.Debug|Any CPU.Build.0 = Debug|Any CPU
		{371BF1E9-6FAB-4CC6-84B0-A1B2B4B73FFF}.Release|Any CPU.ActiveCfg = Release|Any CPU
		{371BF1E9-6FAB-4CC6-84B0-A1B2B4B73FFF}.Release|Any CPU.Build.0 = Release|Any CPU
		{F6E13CA2-F8B5-49CF-BC88-FD47AC554BE6}.Debug|Any CPU.ActiveCfg = Debug|Any CPU
		{F6E13CA2-F8B5-49CF-BC88-FD47AC554BE6}.Debug|Any CPU.Build.0 = Debug|Any CPU
		{F6E13CA2-F8B5-49CF-BC88-FD47AC554BE6}.Release|Any CPU.ActiveCfg = Release|Any CPU
		{F6E13CA2-F8B5-49CF-BC88-FD47AC554BE6}.Release|Any CPU.Build.0 = Release|Any CPU
		{68180216-659F-40EA-8396-BC65FF4B0332}.Debug|Any CPU.ActiveCfg = Debug|Any CPU
		{68180216-659F-40EA-8396-BC65FF4B0332}.Debug|Any CPU.Build.0 = Debug|Any CPU
		{68180216-659F-40EA-8396-BC65FF4B0332}.Release|Any CPU.ActiveCfg = Release|Any CPU
		{68180216-659F-40EA-8396-BC65FF4B0332}.Release|Any CPU.Build.0 = Release|Any CPU
		{E08EFF76-D4E3-4C25-B1D8-DC6CCC826EB8}.Debug|Any CPU.ActiveCfg = Debug|Any CPU
		{E08EFF76-D4E3-4C25-B1D8-DC6CCC826EB8}.Debug|Any CPU.Build.0 = Debug|Any CPU
		{E08EFF76-D4E3-4C25-B1D8-DC6CCC826EB8}.Release|Any CPU.ActiveCfg = Release|Any CPU
		{E08EFF76-D4E3-4C25-B1D8-DC6CCC826EB8}.Release|Any CPU.Build.0 = Release|Any CPU
	EndGlobalSection
	GlobalSection(SolutionProperties) = preSolution
		HideSolutionNode = FALSE
	EndGlobalSection
	GlobalSection(ExtensibilityGlobals) = postSolution
		SolutionGuid = {6CF83297-70EE-4985-A445-E10EF7EAA72A}
	EndGlobalSection
EndGlobal
